
Microsoft Visual Studio Solution File, Format Version 12.00
# Visual Studio 15
VisualStudioVersion = 15.0.28307.421
MinimumVisualStudioVersion = 10.0.40219.1
Project("{FAE04EC0-301F-11D3-BF4B-00C04F79EFBC}") = "PWS_WebApp", "PWS_WebApp\PWS_WebApp.csproj", "{DA42596B-2B76-45B1-A065-5FC951415A79}"
EndProject
Global
	GlobalSection(SolutionConfigurationPlatforms) = preSolution
		Debug|Any CPU = Debug|Any CPU
		Release|Any CPU = Release|Any CPU
	EndGlobalSection
	GlobalSection(ProjectConfigurationPlatforms) = postSolution
		{DA42596B-2B76-45B1-A065-5FC951415A79}.Debug|Any CPU.ActiveCfg = Debug|Any CPU
		{DA42596B-2B76-45B1-A065-5FC951415A79}.Debug|Any CPU.Build.0 = Debug|Any CPU
		{DA42596B-2B76-45B1-A065-5FC951415A79}.Release|Any CPU.ActiveCfg = Release|Any CPU
		{DA42596B-2B76-45B1-A065-5FC951415A79}.Release|Any CPU.Build.0 = Release|Any CPU
	EndGlobalSection
	GlobalSection(SolutionProperties) = preSolution
		HideSolutionNode = FALSE
	EndGlobalSection
	GlobalSection(ExtensibilityGlobals) = postSolution
		SolutionGuid = {AD1858F6-3D47-4F63-8735-BDC4FF486766}
	EndGlobalSection
EndGlobal
